
Microsoft Visual Studio Solution File, Format Version 12.00
# Visual Studio Version 17
VisualStudioVersion = 17.10.35027.167
MinimumVisualStudioVersion = 10.0.40219.1
Project("{FAE04EC0-301F-11D3-BF4B-00C04F79EFBC}") = "pracrticeForExam", "pracrticeForExam\pracrticeForExam.csproj", "{F4892B4C-D3C1-4433-B66B-6F249C501554}"
EndProject
Global
	GlobalSection(SolutionConfigurationPlatforms) = preSolution
		Debug|Any CPU = Debug|Any CPU
		Release|Any CPU = Release|Any CPU
	EndGlobalSection
	GlobalSection(ProjectConfigurationPlatforms) = postSolution
		{F4892B4C-D3C1-4433-B66B-6F249C501554}.Debug|Any CPU.ActiveCfg = Debug|Any CPU
		{F4892B4C-D3C1-4433-B66B-6F249C501554}.Debug|Any CPU.Build.0 = Debug|Any CPU
		{F4892B4C-D3C1-4433-B66B-6F249C501554}.Release|Any CPU.ActiveCfg = Release|Any CPU
		{F4892B4C-D3C1-4433-B66B-6F249C501554}.Release|Any CPU.Build.0 = Release|Any CPU
	EndGlobalSection
	GlobalSection(SolutionProperties) = preSolution
		HideSolutionNode = FALSE
	EndGlobalSection
	GlobalSection(ExtensibilityGlobals) = postSolution
		SolutionGuid = {E8E2C4C2-C877-49F5-8CE3-7B3F6DA1651E}
	EndGlobalSection
EndGlobal
